# generated by rye
# use `rye lock` or `rye sync` to update this lockfile
#
# last locked with the following flags:
#   pre: false
#   features: []
#   all-features: false
#   with-sources: false

-e file:.
asttokens==2.4.1
    # via stack-data
backports-tarfile==1.1.0
    # via jaraco-context
beartype==0.17.2
    # via kirin-toolchain
    # via plum-dispatch
black==24.2.0
certifi==2024.2.2
    # via requests
cfgv==3.4.0
    # via pre-commit
charset-normalizer==3.3.2
    # via requests
click==8.1.7
    # via black
    # via mkdocs
coverage==7.4.4
decorator==5.1.1
    # via ipython
distlib==0.3.8
    # via virtualenv
docutils==0.21
    # via readme-renderer
exceptiongroup==1.2.1
    # via ipython
    # via pytest
executing==2.0.1
    # via stack-data
filelock==3.13.1
    # via virtualenv
ghp-import==2.1.0
    # via mkdocs
identify==2.5.35
    # via pre-commit
idna==3.6
    # via requests
importlib-metadata==7.1.0
    # via keyring
    # via mike
    # via twine
importlib-resources==6.4.0
    # via mike
iniconfig==2.0.0
    # via pytest
ipython==8.22.1
isort==5.13.2
jaraco-classes==3.4.0
    # via keyring
jaraco-context==5.3.0
    # via keyring
jaraco-functools==4.0.0
    # via keyring
jedi==0.19.1
    # via ipython
jinja2==3.1.3
    # via mike
    # via mkdocs
keyring==25.1.0
    # via twine
lxml==5.2.1
    # via python-pptx
markdown==3.6
    # via mkdocs
markdown-it-py==3.0.0
    # via rich
markupsafe==2.1.5
    # via jinja2
    # via mkdocs
matplotlib-inline==0.1.6
    # via ipython
mdurl==0.1.2
    # via markdown-it-py
mergedeep==1.3.4
    # via mkdocs
mike==2.0.0
mkdocs==1.5.3
    # via mike
more-itertools==10.2.0
    # via jaraco-classes
    # via jaraco-functools
mypy-extensions==1.0.0
    # via black
nh3==0.2.17
    # via readme-renderer
nodeenv==1.8.0
    # via pre-commit
numpy==1.26.4
packaging==23.2
    # via black
    # via mkdocs
    # via pytest
parso==0.8.3
    # via jedi
pathspec==0.12.1
    # via black
    # via mkdocs
pexpect==4.9.0
    # via ipython
pillow==10.2.0
    # via python-pptx
pkginfo==1.10.0
    # via twine
platformdirs==4.2.0
    # via black
    # via mkdocs
    # via virtualenv
pluggy==1.4.0
    # via pytest
plum-dispatch==2.3.5
    # via kirin-toolchain
pre-commit==3.6.2
prompt-toolkit==3.0.43
    # via ipython
ptyprocess==0.7.0
    # via pexpect
pure-eval==0.2.2
    # via stack-data
pygments==2.17.2
    # via ipython
    # via readme-renderer
    # via rich
pyparsing==3.1.1
    # via mike
pytest==8.1.1
python-dateutil==2.8.2
    # via ghp-import
python-pptx==0.6.23
pyyaml==6.0.1
    # via mike
    # via mkdocs
    # via pre-commit
    # via pyyaml-env-tag
pyyaml-env-tag==0.1
    # via mkdocs
readme-renderer==43.0
    # via twine
requests==2.31.0
    # via requests-toolbelt
    # via twine
requests-toolbelt==1.0.0
    # via twine
rfc3986==2.0.0
    # via twine
rich==13.7.1
    # via kirin-toolchain
    # via plum-dispatch
    # via twine
ruff==0.3.0
six==1.16.0
    # via asttokens
    # via python-dateutil
stack-data==0.6.3
    # via ipython
tomli==2.0.1
    # via black
    # via pytest
tomlkit==0.12.4
traitlets==5.14.1
    # via ipython
    # via matplotlib-inline
twine==5.0.0
typing-extensions==4.11.0
    # via black
    # via kirin-toolchain
    # via plum-dispatch
urllib3==2.2.1
    # via requests
    # via twine
verspec==0.1.0
    # via mike
virtualenv==20.25.1
    # via pre-commit
watchdog==4.0.0
    # via mkdocs
wcwidth==0.2.13
    # via prompt-toolkit
xlsxwriter==3.2.0
    # via python-pptx
zipp==3.18.1
    # via importlib-metadata
setuptools==69.1.1
    # via nodeenv
